
Microsoft Visual Studio Solution File, Format Version 11.00
# Visual Studio 2010
Project("{CC5FD16D-436D-48AD-A40C-5A424C6E3E79}") = "mvcsummit2012", "mvcsummit2012\mvcsummit2012.ccproj", "{B13B22E1-1B14-4980-9CDE-C69375C5F1CC}"
EndProject
Project("{FAE04EC0-301F-11D3-BF4B-00C04F79EFBC}") = "site", "site\site.csproj", "{FF976602-E8E7-49B4-9BAF-E89DC0E63845}"
EndProject
Global
	GlobalSection(SolutionConfigurationPlatforms) = preSolution
		Debug|Any CPU = Debug|Any CPU
		Release|Any CPU = Release|Any CPU
	EndGlobalSection
	GlobalSection(ProjectConfigurationPlatforms) = postSolution
		{B13B22E1-1B14-4980-9CDE-C69375C5F1CC}.Debug|Any CPU.ActiveCfg = Debug|Any CPU
		{B13B22E1-1B14-4980-9CDE-C69375C5F1CC}.Debug|Any CPU.Build.0 = Debug|Any CPU
		{B13B22E1-1B14-4980-9CDE-C69375C5F1CC}.Release|Any CPU.ActiveCfg = Release|Any CPU
		{B13B22E1-1B14-4980-9CDE-C69375C5F1CC}.Release|Any CPU.Build.0 = Release|Any CPU
		{FF976602-E8E7-49B4-9BAF-E89DC0E63845}.Debug|Any CPU.ActiveCfg = Debug|Any CPU
		{FF976602-E8E7-49B4-9BAF-E89DC0E63845}.Debug|Any CPU.Build.0 = Debug|Any CPU
		{FF976602-E8E7-49B4-9BAF-E89DC0E63845}.Release|Any CPU.ActiveCfg = Release|Any CPU
		{FF976602-E8E7-49B4-9BAF-E89DC0E63845}.Release|Any CPU.Build.0 = Release|Any CPU
	EndGlobalSection
	GlobalSection(SolutionProperties) = preSolution
		HideSolutionNode = FALSE
	EndGlobalSection
EndGlobal
